dependencies:
- name: common
  repository: https://charts.bitnami.com/bitnami
  version: 2.22.0
- name: mariadb
  repository: https://charts.bitnami.com/bitnami
  version: 19.0.6
digest: sha256:8f6aa8817a7dcabd3bcae989bd9d71266ddfa7266769ccc2a202b296f9b9960e
generated: "2024-10-14T16:17:39.853756838+08:00"
